
Microsoft Visual Studio Solution File, Format Version 12.00
# Visual Studio Version 17
VisualStudioVersion = 17.2.32516.85
MinimumVisualStudioVersion = 10.0.40219.1
Project("{FAE04EC0-301F-11D3-BF4B-00C04F79EFBC}") = "SecondTask", "SecondTask\SecondTask.csproj", "{3ECDA96C-F97A-43D3-A3B4-C0B621B9ED58}"
EndProject
Global
	GlobalSection(SolutionConfigurationPlatforms) = preSolution
		Debug|Any CPU = Debug|Any CPU
		Release|Any CPU = Release|Any CPU
	EndGlobalSection
	GlobalSection(ProjectConfigurationPlatforms) = postSolution
		{3ECDA96C-F97A-43D3-A3B4-C0B621B9ED58}.Debug|Any CPU.ActiveCfg = Debug|Any CPU
		{3ECDA96C-F97A-43D3-A3B4-C0B621B9ED58}.Debug|Any CPU.Build.0 = Debug|Any CPU
		{3ECDA96C-F97A-43D3-A3B4-C0B621B9ED58}.Release|Any CPU.ActiveCfg = Release|Any CPU
		{3ECDA96C-F97A-43D3-A3B4-C0B621B9ED58}.Release|Any CPU.Build.0 = Release|Any CPU
	EndGlobalSection
	GlobalSection(SolutionProperties) = preSolution
		HideSolutionNode = FALSE
	EndGlobalSection
	GlobalSection(ExtensibilityGlobals) = postSolution
		SolutionGuid = {4E6CBDEC-57A7-4195-9110-A3A4BFE4469A}
	EndGlobalSection
EndGlobal
